// !$*UTF8*$!
{
	archiveVersion = 1;
	classes = {
	};
	objectVersion = 77;
	objects = {

/* Begin PBXFileReference section */
		F9A403F930119E3600609948 /* article.html */ = {isa = PBXFileReference; lastKnownFileType = text.html; path = article.html; sourceTree = "<group>"; };
		F9A403FA30119E4600609948 /* article.css */ = {isa = PBXFileReference; lastKnownFileType = text.css; path = article.css; sourceTree = "<group>"; };
		F9A403FB30119E6100609948 /* article.js */ = {isa = PBXFileReference; lastKnownFileType = sourcecode.javascript; path = article.js; sourceTree = "<group>"; };
		F9E67A593011CB6D008B0761 /* accueil3.PNG */ = {isa = PBXFileReference; lastKnownFileType = image.png; path = accueil3.PNG; sourceTree = "<group>"; };
		F9E67A5A3011CB6D008B0761 /* index.css */ = {isa = PBXFileReference; lastKnownFileType = text.css; path = index.css; sourceTree = "<group>"; };
		F9E67A5B3011CB6D008B0761 /* index.html */ = {isa = PBXFileReference; lastKnownFileType = text.html; path = index.html; sourceTree = "<group>"; };
		F9E67A5C3011CB6D008B0761 /* index.js */ = {isa = PBXFileReference; lastKnownFileType = sourcecode.javascript; path = index.js; sourceTree = "<group>"; };
		F9E67A5D3011CB6D008B0761 /* merde1b.jpg */ = {isa = PBXFileReference; lastKnownFileType = image.jpeg; path = merde1b.jpg; sourceTree = "<group>"; };
/* End PBXFileReference section */

/* Begin PBXGroup section */
		F9A403E930113F2100609948 = {
			isa = PBXGroup;
			children = (
				F9A403F830119E2100609948 /* article */,
			);
			sourceTree = "<group>";
		};
		F9A403F830119E2100609948 /* article */ = {
			isa = PBXGroup;
			children = (
				F9A403F930119E3600609948 /* article.html */,
				F9A403FA30119E4600609948 /* article.css */,
				F9A403FB30119E6100609948 /* article.js */,
				F9E67A5E3011CB6D008B0761 /* index */,
			);
			path = article;
			sourceTree = "<group>";
		};
		F9E67A5E3011CB6D008B0761 /* index */ = {
			isa = PBXGroup;
			children = (
				F9E67A593011CB6D008B0761 /* accueil3.PNG */,
				F9E67A5A3011CB6D008B0761 /* index.css */,
				F9E67A5B3011CB6D008B0761 /* index.html */,
				F9E67A5C3011CB6D008B0761 /* index.js */,
				F9E67A5D3011CB6D008B0761 /* merde1b.jpg */,
			);
			path = index;
			sourceTree = "<group>";
		};
/* End PBXGroup section */

/* Begin PBXProject section */
		F9A403EA30113F2100609948 /* Project object */ = {
			isa = PBXProject;
			attributes = {
				BuildIndependentTargetsInParallel = 1;
				LastUpgradeCheck = 2600;
			};
			buildConfigurationList = F9A403ED30113F2100609948 /* Build configuration list for PBXProject "veranne" */;
			developmentRegion = en;
			hasScannedForEncodings = 0;
			knownRegions = (
				en,
				Base,
			);
			mainGroup = F9A403E930113F2100609948;
			minimizedProjectReferenceProxies = 1;
			preferredProjectObjectVersion = 77;
			projectDirPath = "";
			projectRoot = "";
			targets = (
			);
		};
/* End PBXProject section */

/* Begin XCBuildConfiguration section */
		F9A403EE30113F2100609948 /* Debug */ = {
			isa = XCBuildConfiguration;
			buildSettings = {
				DEVELOPMENT_TEAM = BWM65HMFQD;
			};
			name = Debug;
		};
		F9A403EF30113F2100609948 /* Release */ = {
			isa = XCBuildConfiguration;
			buildSettings = {
				DEVELOPMENT_TEAM = BWM65HMFQD;
			};
			name = Release;
		};
/* End XCBuildConfiguration section */

/* Begin XCConfigurationList section */
		F9A403ED30113F2100609948 /* Build configuration list for PBXProject "veranne" */ = {
			isa = XCConfigurationList;
			buildConfigurations = (
				F9A403EE30113F2100609948 /* Debug */,
				F9A403EF30113F2100609948 /* Release */,
			);
			defaultConfigurationIsVisible = 0;
			defaultConfigurationName = Release;
		};
/* End XCConfigurationList section */
	};
	rootObject = F9A403EA30113F2100609948 /* Project object */;
}
